
Microsoft Visual Studio Solution File, Format Version 12.00
# Visual Studio Version 17
VisualStudioVersion = 17.9.34622.214
MinimumVisualStudioVersion = 10.0.40219.1
Project("{FAE04EC0-301F-11D3-BF4B-00C04F79EFBC}") = "mutipage.Server", "mutipage.Server\mutipage.Server.csproj", "{90FBFB88-4E8F-4301-B762-16EF1F1588C9}"
EndProject
Project("{54A90642-561A-4BB1-A94E-469ADEE60C69}") = "mutipage.client", "mutipage.client\mutipage.client.esproj", "{4FAF10A5-BB99-48BC-B823-6673C765CA22}"
EndProject
Global
	GlobalSection(SolutionConfigurationPlatforms) = preSolution
		Debug|Any CPU = Debug|Any CPU
		Release|Any CPU = Release|Any CPU
	EndGlobalSection
	GlobalSection(ProjectConfigurationPlatforms) = postSolution
		{90FBFB88-4E8F-4301-B762-16EF1F1588C9}.Debug|Any CPU.ActiveCfg = Debug|Any CPU
		{90FBFB88-4E8F-4301-B762-16EF1F1588C9}.Debug|Any CPU.Build.0 = Debug|Any CPU
		{90FBFB88-4E8F-4301-B762-16EF1F1588C9}.Release|Any CPU.ActiveCfg = Release|Any CPU
		{90FBFB88-4E8F-4301-B762-16EF1F1588C9}.Release|Any CPU.Build.0 = Release|Any CPU
		{4FAF10A5-BB99-48BC-B823-6673C765CA22}.Debug|Any CPU.ActiveCfg = Debug|Any CPU
		{4FAF10A5-BB99-48BC-B823-6673C765CA22}.Debug|Any CPU.Build.0 = Debug|Any CPU
		{4FAF10A5-BB99-48BC-B823-6673C765CA22}.Debug|Any CPU.Deploy.0 = Debug|Any CPU
		{4FAF10A5-BB99-48BC-B823-6673C765CA22}.Release|Any CPU.ActiveCfg = Release|Any CPU
		{4FAF10A5-BB99-48BC-B823-6673C765CA22}.Release|Any CPU.Build.0 = Release|Any CPU
		{4FAF10A5-BB99-48BC-B823-6673C765CA22}.Release|Any CPU.Deploy.0 = Release|Any CPU
	EndGlobalSection
	GlobalSection(SolutionProperties) = preSolution
		HideSolutionNode = FALSE
	EndGlobalSection
	GlobalSection(ExtensibilityGlobals) = postSolution
		SolutionGuid = {54B7FE5C-7CCC-47E1-8589-F9DCA4D9DC02}
	EndGlobalSection
EndGlobal
